{
  "name": "radon-bulma",
  "version": "0.1.0",
  "lockfileVersion": 1,
  "requires": true,
  "dependencies": {
    "bulma": {
      "version": "0.9.0",
      "resolved": "https://registry.npmjs.org/bulma/-/bulma-0.9.0.tgz",
      "integrity": "sha512-rV75CJkubNUroAt0qCRkjznZLoaXq/ctfMXsMvKSL84UetbSyx5REl96e8GoQ04G4Tkw0XF3STECffTOQrbzOQ=="
    },
    "prettier": {
      "version": "2.1.2",
      "resolved": "https://registry.npmjs.org/prettier/-/prettier-2.1.2.tgz",
      "integrity": "sha512-16c7K+x4qVlJg9rEbXl7HEGmQyZlG4R9AgP+oHKRMsMsuk8s+ATStlf1NpDqyBI1HpVyfjLOeMhH2LvuNvV5Vg==",
      "dev": true
    }
  }
}
